
Microsoft Visual Studio Solution File, Format Version 12.00
# Visual Studio Version 16
VisualStudioVersion = 16.0.31205.134
MinimumVisualStudioVersion = 10.0.40219.1
Project("{FAE04EC0-301F-11D3-BF4B-00C04F79EFBC}") = "TecGurusWebAPI", "TecGurusWebAPI\TecGurusWebAPI.csproj", "{6B2FC0D4-58EE-4F0A-A07E-94E492442B5E}"
EndProject
Project("{FAE04EC0-301F-11D3-BF4B-00C04F79EFBC}") = "TecGurusAdvanced.Entities", "TecGurusAdvanced.Entities\TecGurusAdvanced.Entities.csproj", "{B594BEC5-41B2-4105-92C3-AA35344B6574}"
EndProject
Project("{FAE04EC0-301F-11D3-BF4B-00C04F79EFBC}") = "TecGurusAdvanced.Services", "TecGurusAdvanced.Services\TecGurusAdvanced.Services.csproj", "{0D5C2075-3FE4-4B66-80ED-BD6B42476FCF}"
EndProject
Global
	GlobalSection(SolutionConfigurationPlatforms) = preSolution
		Debug|Any CPU = Debug|Any CPU
		Release|Any CPU = Release|Any CPU
	EndGlobalSection
	GlobalSection(ProjectConfigurationPlatforms) = postSolution
		{6B2FC0D4-58EE-4F0A-A07E-94E492442B5E}.Debug|Any CPU.ActiveCfg = Debug|Any CPU
		{6B2FC0D4-58EE-4F0A-A07E-94E492442B5E}.Debug|Any CPU.Build.0 = Debug|Any CPU
		{6B2FC0D4-58EE-4F0A-A07E-94E492442B5E}.Release|Any CPU.ActiveCfg = Release|Any CPU
		{6B2FC0D4-58EE-4F0A-A07E-94E492442B5E}.Release|Any CPU.Build.0 = Release|Any CPU
		{B594BEC5-41B2-4105-92C3-AA35344B6574}.Debug|Any CPU.ActiveCfg = Debug|Any CPU
		{B594BEC5-41B2-4105-92C3-AA35344B6574}.Debug|Any CPU.Build.0 = Debug|Any CPU
		{B594BEC5-41B2-4105-92C3-AA35344B6574}.Release|Any CPU.ActiveCfg = Release|Any CPU
		{B594BEC5-41B2-4105-92C3-AA35344B6574}.Release|Any CPU.Build.0 = Release|Any CPU
		{0D5C2075-3FE4-4B66-80ED-BD6B42476FCF}.Debug|Any CPU.ActiveCfg = Debug|Any CPU
		{0D5C2075-3FE4-4B66-80ED-BD6B42476FCF}.Debug|Any CPU.Build.0 = Debug|Any CPU
		{0D5C2075-3FE4-4B66-80ED-BD6B42476FCF}.Release|Any CPU.ActiveCfg = Release|Any CPU
		{0D5C2075-3FE4-4B66-80ED-BD6B42476FCF}.Release|Any CPU.Build.0 = Release|Any CPU
	EndGlobalSection
	GlobalSection(SolutionProperties) = preSolution
		HideSolutionNode = FALSE
	EndGlobalSection
	GlobalSection(ExtensibilityGlobals) = postSolution
		SolutionGuid = {D1527327-C35A-446C-B621-C1C88A39057A}
	EndGlobalSection
EndGlobal
