
Microsoft Visual Studio Solution File, Format Version 12.00
# Visual Studio Version 16
VisualStudioVersion = 16.0.31005.135
MinimumVisualStudioVersion = 10.0.40219.1
Project("{FAE04EC0-301F-11D3-BF4B-00C04F79EFBC}") = "TecgurusAdvanced2021.MVC", "TecgurusAdvanced2021.MVC\TecgurusAdvanced2021.MVC.csproj", "{9C0EEC33-BCBF-46E3-8BC3-3CF3D726C4D5}"
EndProject
Global
	GlobalSection(SolutionConfigurationPlatforms) = preSolution
		Debug|Any CPU = Debug|Any CPU
		Release|Any CPU = Release|Any CPU
	EndGlobalSection
	GlobalSection(ProjectConfigurationPlatforms) = postSolution
		{9C0EEC33-BCBF-46E3-8BC3-3CF3D726C4D5}.Debug|Any CPU.ActiveCfg = Debug|Any CPU
		{9C0EEC33-BCBF-46E3-8BC3-3CF3D726C4D5}.Debug|Any CPU.Build.0 = Debug|Any CPU
		{9C0EEC33-BCBF-46E3-8BC3-3CF3D726C4D5}.Release|Any CPU.ActiveCfg = Release|Any CPU
		{9C0EEC33-BCBF-46E3-8BC3-3CF3D726C4D5}.Release|Any CPU.Build.0 = Release|Any CPU
	EndGlobalSection
	GlobalSection(SolutionProperties) = preSolution
		HideSolutionNode = FALSE
	EndGlobalSection
	GlobalSection(ExtensibilityGlobals) = postSolution
		SolutionGuid = {07ADECA7-5387-4238-8F7B-E176C87B9A1F}
	EndGlobalSection
EndGlobal
